// !$*UTF8*$!
{
	archiveVersion = 1;
	classes = {
	};
	objectVersion = 56;
	objects = {

/* Begin PBXBuildFile section */
		D64F0ADA2A140366006F5ABD /* MapAnnotation.swift in Sources */ = {isa = PBXBuildFile; fileRef = D64F0AD92A140366006F5ABD /* MapAnnotation.swift */; };
		D676A6EB29FB0B9900A56486 /* City_Navigation_App.swift in Sources */ = {isa = PBXBuildFile; fileRef = D676A6EA29FB0B9900A56486 /* City_Navigation_App.swift */; };
		D676A6ED29FB0B9900A56486 /* LaunchView.swift in Sources */ = {isa = PBXBuildFile; fileRef = D676A6EC29FB0B9900A56486 /* LaunchView.swift */; };
		D676A6EF29FB0B9900A56486 /* Assets.xcassets in Resources */ = {isa = PBXBuildFile; fileRef = D676A6EE29FB0B9900A56486 /* Assets.xcassets */; };
		D676A6F229FB0B9900A56486 /* Preview Assets.xcassets in Resources */ = {isa = PBXBuildFile; fileRef = D676A6F129FB0B9900A56486 /* Preview Assets.xcassets */; };
		D676A6FC29FB0DD000A56486 /* ContentModel.swift in Sources */ = {isa = PBXBuildFile; fileRef = D676A6FB29FB0DD000A56486 /* ContentModel.swift */; };
		D676A70429FC517E00A56486 /* .gitignore in Resources */ = {isa = PBXBuildFile; fileRef = D676A70329FC517E00A56486 /* .gitignore */; };
		D676A70629FC524600A56486 /* Constants.swift in Sources */ = {isa = PBXBuildFile; fileRef = D676A70529FC524600A56486 /* Constants.swift */; };
		D676A70829FC58AA00A56486 /* Business.swift in Sources */ = {isa = PBXBuildFile; fileRef = D676A70729FC58AA00A56486 /* Business.swift */; };
		D676A70A29FC5C9400A56486 /* BusinessSearch.swift in Sources */ = {isa = PBXBuildFile; fileRef = D676A70929FC5C9400A56486 /* BusinessSearch.swift */; };
		D676A70F29FD99F900A56486 /* HomeView.swift in Sources */ = {isa = PBXBuildFile; fileRef = D676A70E29FD99F900A56486 /* HomeView.swift */; };
		D676A71229FD9F5100A56486 /* BusinessList.swift in Sources */ = {isa = PBXBuildFile; fileRef = D676A71129FD9F5100A56486 /* BusinessList.swift */; };
		D676A71429FDA49700A56486 /* BusinessListSectionHeader.swift in Sources */ = {isa = PBXBuildFile; fileRef = D676A71329FDA49700A56486 /* BusinessListSectionHeader.swift */; };
		D676A71629FDA5CE00A56486 /* BusinessListSection.swift in Sources */ = {isa = PBXBuildFile; fileRef = D676A71529FDA5CE00A56486 /* BusinessListSection.swift */; };
		D679951C2A01B43D00E6446C /* BusinessDetailView.swift in Sources */ = {isa = PBXBuildFile; fileRef = D679951B2A01B43D00E6446C /* BusinessDetailView.swift */; };
		D679951E2A01CFAC00E6446C /* DetailGroupView.swift in Sources */ = {isa = PBXBuildFile; fileRef = D679951D2A01CFAC00E6446C /* DetailGroupView.swift */; };
		D69C0E012A12DEBF00F3BDE6 /* BusinessMap.swift in Sources */ = {isa = PBXBuildFile; fileRef = D69C0E002A12DEBF00F3BDE6 /* BusinessMap.swift */; };
		D6D7B2CB2A00441600F98571 /* BusinessRow.swift in Sources */ = {isa = PBXBuildFile; fileRef = D6D7B2CA2A00441600F98571 /* BusinessRow.swift */; };
/* End PBXBuildFile section */

/* Begin PBXFileReference section */
		D64F0AD92A140366006F5ABD /* MapAnnotation.swift */ = {isa = PBXFileReference; lastKnownFileType = sourcecode.swift; path = MapAnnotation.swift; sourceTree = "<group>"; };
		D676A6E729FB0B9900A56486 /* City Navigation App.app */ = {isa = PBXFileReference; explicitFileType = wrapper.application; includeInIndex = 0; path = "City Navigation App.app"; sourceTree = BUILT_PRODUCTS_DIR; };
		D676A6EA29FB0B9900A56486 /* City_Navigation_App.swift */ = {isa = PBXFileReference; lastKnownFileType = sourcecode.swift; path = City_Navigation_App.swift; sourceTree = "<group>"; };
		D676A6EC29FB0B9900A56486 /* LaunchView.swift */ = {isa = PBXFileReference; lastKnownFileType = sourcecode.swift; path = LaunchView.swift; sourceTree = "<group>"; };
		D676A6EE29FB0B9900A56486 /* Assets.xcassets */ = {isa = PBXFileReference; lastKnownFileType = folder.assetcatalog; path = Assets.xcassets; sourceTree = "<group>"; };
		D676A6F129FB0B9900A56486 /* Preview Assets.xcassets */ = {isa = PBXFileReference; lastKnownFileType = folder.assetcatalog; path = "Preview Assets.xcassets"; sourceTree = "<group>"; };
		D676A6FB29FB0DD000A56486 /* ContentModel.swift */ = {isa = PBXFileReference; lastKnownFileType = sourcecode.swift; path = ContentModel.swift; sourceTree = "<group>"; };
		D676A6FE29FB2BEF00A56486 /* README.md */ = {isa = PBXFileReference; lastKnownFileType = net.daringfireball.markdown; path = README.md; sourceTree = "<group>"; };
		D676A70329FC517E00A56486 /* .gitignore */ = {isa = PBXFileReference; lastKnownFileType = text; path = .gitignore; sourceTree = "<group>"; };
		D676A70529FC524600A56486 /* Constants.swift */ = {isa = PBXFileReference; lastKnownFileType = sourcecode.swift; path = Constants.swift; sourceTree = "<group>"; };
		D676A70729FC58AA00A56486 /* Business.swift */ = {isa = PBXFileReference; lastKnownFileType = sourcecode.swift; path = Business.swift; sourceTree = "<group>"; };
		D676A70929FC5C9400A56486 /* BusinessSearch.swift */ = {isa = PBXFileReference; lastKnownFileType = sourcecode.swift; path = BusinessSearch.swift; sourceTree = "<group>"; };
		D676A70E29FD99F900A56486 /* HomeView.swift */ = {isa = PBXFileReference; lastKnownFileType = sourcecode.swift; path = HomeView.swift; sourceTree = "<group>"; };
		D676A71129FD9F5100A56486 /* BusinessList.swift */ = {isa = PBXFileReference; lastKnownFileType = sourcecode.swift; path = BusinessList.swift; sourceTree = "<group>"; };
		D676A71329FDA49700A56486 /* BusinessListSectionHeader.swift */ = {isa = PBXFileReference; lastKnownFileType = sourcecode.swift; path = BusinessListSectionHeader.swift; sourceTree = "<group>"; };
		D676A71529FDA5CE00A56486 /* BusinessListSection.swift */ = {isa = PBXFileReference; lastKnownFileType = sourcecode.swift; path = BusinessListSection.swift; sourceTree = "<group>"; };
		D679951B2A01B43D00E6446C /* BusinessDetailView.swift */ = {isa = PBXFileReference; lastKnownFileType = sourcecode.swift; path = BusinessDetailView.swift; sourceTree = "<group>"; };
		D679951D2A01CFAC00E6446C /* DetailGroupView.swift */ = {isa = PBXFileReference; lastKnownFileType = sourcecode.swift; path = DetailGroupView.swift; sourceTree = "<group>"; };
		D69C0E002A12DEBF00F3BDE6 /* BusinessMap.swift */ = {isa = PBXFileReference; lastKnownFileType = sourcecode.swift; path = BusinessMap.swift; sourceTree = "<group>"; };
		D6D7B2CA2A00441600F98571 /* BusinessRow.swift */ = {isa = PBXFileReference; lastKnownFileType = sourcecode.swift; path = BusinessRow.swift; sourceTree = "<group>"; };
/* End PBXFileReference section */

/* Begin PBXFrameworksBuildPhase section */
		D676A6E429FB0B9900A56486 /* Frameworks */ = {
			isa = PBXFrameworksBuildPhase;
			buildActionMask = 2147483647;
			files = (
			);
			runOnlyForDeploymentPostprocessing = 0;
		};
/* End PBXFrameworksBuildPhase section */

/* Begin PBXGroup section */
		D676A6DE29FB0B9900A56486 = {
			isa = PBXGroup;
			children = (
				D676A6FE29FB2BEF00A56486 /* README.md */,
				D676A70329FC517E00A56486 /* .gitignore */,
				D676A6E929FB0B9900A56486 /* City Navigation App */,
				D676A6E829FB0B9900A56486 /* Products */,
			);
			sourceTree = "<group>";
		};
		D676A6E829FB0B9900A56486 /* Products */ = {
			isa = PBXGroup;
			children = (
				D676A6E729FB0B9900A56486 /* City Navigation App.app */,
			);
			name = Products;
			sourceTree = "<group>";
		};
		D676A6E929FB0B9900A56486 /* City Navigation App */ = {
			isa = PBXGroup;
			children = (
				D676A6EA29FB0B9900A56486 /* City_Navigation_App.swift */,
				D676A6F829FB0BC500A56486 /* Views */,
				D676A6FA29FB0C1100A56486 /* ViewModels */,
				D676A6F929FB0BDA00A56486 /* Models */,
				D676A6FF29FC4BE600A56486 /* Utilites */,
				D676A6EE29FB0B9900A56486 /* Assets.xcassets */,
				D676A6F029FB0B9900A56486 /* Preview Content */,
			);
			path = "City Navigation App";
			sourceTree = "<group>";
		};
		D676A6F029FB0B9900A56486 /* Preview Content */ = {
			isa = PBXGroup;
			children = (
				D676A6F129FB0B9900A56486 /* Preview Assets.xcassets */,
			);
			path = "Preview Content";
			sourceTree = "<group>";
		};
		D676A6F829FB0BC500A56486 /* Views */ = {
			isa = PBXGroup;
			children = (
				D676A6EC29FB0B9900A56486 /* LaunchView.swift */,
				D676A70D29FD99D300A56486 /* Home */,
				D676A70C29FD99C800A56486 /* Denied */,
				D676A70B29FD99AF00A56486 /* Onboarding */,
			);
			path = Views;
			sourceTree = "<group>";
		};
		D676A6F929FB0BDA00A56486 /* Models */ = {
			isa = PBXGroup;
			children = (
				D676A70729FC58AA00A56486 /* Business.swift */,
				D676A70929FC5C9400A56486 /* BusinessSearch.swift */,
			);
			path = Models;
			sourceTree = "<group>";
		};
		D676A6FA29FB0C1100A56486 /* ViewModels */ = {
			isa = PBXGroup;
			children = (
				D676A6FB29FB0DD000A56486 /* ContentModel.swift */,
			);
			path = ViewModels;
			sourceTree = "<group>";
		};
		D676A6FF29FC4BE600A56486 /* Utilites */ = {
			isa = PBXGroup;
			children = (
				D676A70529FC524600A56486 /* Constants.swift */,
			);
			path = Utilites;
			sourceTree = "<group>";
		};
		D676A70B29FD99AF00A56486 /* Onboarding */ = {
			isa = PBXGroup;
			children = (
			);
			path = Onboarding;
			sourceTree = "<group>";
		};
		D676A70C29FD99C800A56486 /* Denied */ = {
			isa = PBXGroup;
			children = (
			);
			path = Denied;
			sourceTree = "<group>";
		};
		D676A70D29FD99D300A56486 /* Home */ = {
			isa = PBXGroup;
			children = (
				D676A70E29FD99F900A56486 /* HomeView.swift */,
				D69C0DFF2A12DDE000F3BDE6 /* Map */,
				D676A71029FD9F3200A56486 /* List */,
			);
			path = Home;
			sourceTree = "<group>";
		};
		D676A71029FD9F3200A56486 /* List */ = {
			isa = PBXGroup;
			children = (
				D676A71129FD9F5100A56486 /* BusinessList.swift */,
				D676A71329FDA49700A56486 /* BusinessListSectionHeader.swift */,
				D676A71529FDA5CE00A56486 /* BusinessListSection.swift */,
				D6D7B2CA2A00441600F98571 /* BusinessRow.swift */,
				D679951A2A01B3FF00E6446C /* Detail */,
			);
			path = List;
			sourceTree = "<group>";
		};
		D679951A2A01B3FF00E6446C /* Detail */ = {
			isa = PBXGroup;
			children = (
				D679951B2A01B43D00E6446C /* BusinessDetailView.swift */,
				D679951D2A01CFAC00E6446C /* DetailGroupView.swift */,
			);
			path = Detail;
			sourceTree = "<group>";
		};
		D69C0DFF2A12DDE000F3BDE6 /* Map */ = {
			isa = PBXGroup;
			children = (
				D69C0E002A12DEBF00F3BDE6 /* BusinessMap.swift */,
				D64F0AD92A140366006F5ABD /* MapAnnotation.swift */,
			);
			path = Map;
			sourceTree = "<group>";
		};
/* End PBXGroup section */

/* Begin PBXNativeTarget section */
		D676A6E629FB0B9900A56486 /* City Navigation App */ = {
			isa = PBXNativeTarget;
			buildConfigurationList = D676A6F529FB0B9900A56486 /* Build configuration list for PBXNativeTarget "City Navigation App" */;
			buildPhases = (
				D676A6E329FB0B9900A56486 /* Sources */,
				D676A6E429FB0B9900A56486 /* Frameworks */,
				D676A6E529FB0B9900A56486 /* Resources */,
			);
			buildRules = (
			);
			dependencies = (
			);
			name = "City Navigation App";
			productName = "City Navigation App";
			productReference = D676A6E729FB0B9900A56486 /* City Navigation App.app */;
			productType = "com.apple.product-type.application";
		};
/* End PBXNativeTarget section */

/* Begin PBXProject section */
		D676A6DF29FB0B9900A56486 /* Project object */ = {
			isa = PBXProject;
			attributes = {
				BuildIndependentTargetsInParallel = 1;
				LastSwiftUpdateCheck = 1420;
				LastUpgradeCheck = 1420;
				TargetAttributes = {
					D676A6E629FB0B9900A56486 = {
						CreatedOnToolsVersion = 14.2;
					};
				};
			};
			buildConfigurationList = D676A6E229FB0B9900A56486 /* Build configuration list for PBXProject "City Navigation App" */;
			compatibilityVersion = "Xcode 14.0";
			developmentRegion = en;
			hasScannedForEncodings = 0;
			knownRegions = (
				en,
				Base,
			);
			mainGroup = D676A6DE29FB0B9900A56486;
			productRefGroup = D676A6E829FB0B9900A56486 /* Products */;
			projectDirPath = "";
			projectRoot = "";
			targets = (
				D676A6E629FB0B9900A56486 /* City Navigation App */,
			);
		};
/* End PBXProject section */

/* Begin PBXResourcesBuildPhase section */
		D676A6E529FB0B9900A56486 /* Resources */ = {
			isa = PBXResourcesBuildPhase;
			buildActionMask = 2147483647;
			files = (
				D676A6F229FB0B9900A56486 /* Preview Assets.xcassets in Resources */,
				D676A70429FC517E00A56486 /* .gitignore in Resources */,
				D676A6EF29FB0B9900A56486 /* Assets.xcassets in Resources */,
			);
			runOnlyForDeploymentPostprocessing = 0;
		};
/* End PBXResourcesBuildPhase section */

/* Begin PBXSourcesBuildPhase section */
		D676A6E329FB0B9900A56486 /* Sources */ = {
			isa = PBXSourcesBuildPhase;
			buildActionMask = 2147483647;
			files = (
				D676A71429FDA49700A56486 /* BusinessListSectionHeader.swift in Sources */,
				D679951C2A01B43D00E6446C /* BusinessDetailView.swift in Sources */,
				D69C0E012A12DEBF00F3BDE6 /* BusinessMap.swift in Sources */,
				D64F0ADA2A140366006F5ABD /* MapAnnotation.swift in Sources */,
				D6D7B2CB2A00441600F98571 /* BusinessRow.swift in Sources */,
				D676A6ED29FB0B9900A56486 /* LaunchView.swift in Sources */,
				D676A70F29FD99F900A56486 /* HomeView.swift in Sources */,
				D676A6EB29FB0B9900A56486 /* City_Navigation_App.swift in Sources */,
				D676A6FC29FB0DD000A56486 /* ContentModel.swift in Sources */,
				D679951E2A01CFAC00E6446C /* DetailGroupView.swift in Sources */,
				D676A70829FC58AA00A56486 /* Business.swift in Sources */,
				D676A71229FD9F5100A56486 /* BusinessList.swift in Sources */,
				D676A71629FDA5CE00A56486 /* BusinessListSection.swift in Sources */,
				D676A70629FC524600A56486 /* Constants.swift in Sources */,
				D676A70A29FC5C9400A56486 /* BusinessSearch.swift in Sources */,
			);
			runOnlyForDeploymentPostprocessing = 0;
		};
/* End PBXSourcesBuildPhase section */

/* Begin XCBuildConfiguration section */
		D676A6F329FB0B9900A56486 /* Debug */ = {
			isa = XCBuildConfiguration;
			buildSettings = {
				ALWAYS_SEARCH_USER_PATHS = NO;
				CLANG_ANALYZER_NONNULL = YES;
				CLANG_ANALYZER_NUMBER_OBJECT_CONVERSION = YES_AGGRESSIVE;
				CLANG_CXX_LANGUAGE_STANDARD = "gnu++20";
				CLANG_ENABLE_MODULES = YES;
				CLANG_ENABLE_OBJC_ARC = YES;
				CLANG_ENABLE_OBJC_WEAK = YES;
				CLANG_WARN_BLOCK_CAPTURE_AUTORELEASING = YES;
				CLANG_WARN_BOOL_CONVERSION = YES;
				CLANG_WARN_COMMA = YES;
				CLANG_WARN_CONSTANT_CONVERSION = YES;
				CLANG_WARN_DEPRECATED_OBJC_IMPLEMENTATIONS = YES;
				CLANG_WARN_DIRECT_OBJC_ISA_USAGE = YES_ERROR;
				CLANG_WARN_DOCUMENTATION_COMMENTS = YES;
				CLANG_WARN_EMPTY_BODY = YES;
				CLANG_WARN_ENUM_CONVERSION = YES;
				CLANG_WARN_INFINITE_RECURSION = YES;
				CLANG_WARN_INT_CONVERSION = YES;
				CLANG_WARN_NON_LITERAL_NULL_CONVERSION = YES;
				CLANG_WARN_OBJC_IMPLICIT_RETAIN_SELF = YES;
				CLANG_WARN_OBJC_LITERAL_CONVERSION = YES;
				CLANG_WARN_OBJC_ROOT_CLASS = YES_ERROR;
				CLANG_WARN_QUOTED_INCLUDE_IN_FRAMEWORK_HEADER = YES;
				CLANG_WARN_RANGE_LOOP_ANALYSIS = YES;
				CLANG_WARN_STRICT_PROTOTYPES = YES;
				CLANG_WARN_SUSPICIOUS_MOVE = YES;
				CLANG_WARN_UNGUARDED_AVAILABILITY = YES_AGGRESSIVE;
				CLANG_WARN_UNREACHABLE_CODE = YES;
				CLANG_WARN__DUPLICATE_METHOD_MATCH = YES;
				COPY_PHASE_STRIP = NO;
				DEBUG_INFORMATION_FORMAT = dwarf;
				ENABLE_STRICT_OBJC_MSGSEND = YES;
				ENABLE_TESTABILITY = YES;
				GCC_C_LANGUAGE_STANDARD = gnu11;
				GCC_DYNAMIC_NO_PIC = NO;
				GCC_NO_COMMON_BLOCKS = YES;
				GCC_OPTIMIZATION_LEVEL = 0;
				GCC_PREPROCESSOR_DEFINITIONS = (
					"DEBUG=1",
					"$(inherited)",
				);
				GCC_WARN_64_TO_32_BIT_CONVERSION = YES;
				GCC_WARN_ABOUT_RETURN_TYPE = YES_ERROR;
				GCC_WARN_UNDECLARED_SELECTOR = YES;
				GCC_WARN_UNINITIALIZED_AUTOS = YES_AGGRESSIVE;
				GCC_WARN_UNUSED_FUNCTION = YES;
				GCC_WARN_UNUSED_VARIABLE = YES;
				IPHONEOS_DEPLOYMENT_TARGET = 16.2;
				MTL_ENABLE_DEBUG_INFO = INCLUDE_SOURCE;
				MTL_FAST_MATH = YES;
				ONLY_ACTIVE_ARCH = YES;
				SDKROOT = iphoneos;
				SWIFT_ACTIVE_COMPILATION_CONDITIONS = DEBUG;
				SWIFT_OPTIMIZATION_LEVEL = "-Onone";
			};
			name = Debug;
		};
		D676A6F429FB0B9900A56486 /* Release */ = {
			isa = XCBuildConfiguration;
			buildSettings = {
				ALWAYS_SEARCH_USER_PATHS = NO;
				CLANG_ANALYZER_NONNULL = YES;
				CLANG_ANALYZER_NUMBER_OBJECT_CONVERSION = YES_AGGRESSIVE;
				CLANG_CXX_LANGUAGE_STANDARD = "gnu++20";
				CLANG_ENABLE_MODULES = YES;
				CLANG_ENABLE_OBJC_ARC = YES;
				CLANG_ENABLE_OBJC_WEAK = YES;
				CLANG_WARN_BLOCK_CAPTURE_AUTORELEASING = YES;
				CLANG_WARN_BOOL_CONVERSION = YES;
				CLANG_WARN_COMMA = YES;
				CLANG_WARN_CONSTANT_CONVERSION = YES;
				CLANG_WARN_DEPRECATED_OBJC_IMPLEMENTATIONS = YES;
				CLANG_WARN_DIRECT_OBJC_ISA_USAGE = YES_ERROR;
				CLANG_WARN_DOCUMENTATION_COMMENTS = YES;
				CLANG_WARN_EMPTY_BODY = YES;
				CLANG_WARN_ENUM_CONVERSION = YES;
				CLANG_WARN_INFINITE_RECURSION = YES;
				CLANG_WARN_INT_CONVERSION = YES;
				CLANG_WARN_NON_LITERAL_NULL_CONVERSION = YES;
				CLANG_WARN_OBJC_IMPLICIT_RETAIN_SELF = YES;
				CLANG_WARN_OBJC_LITERAL_CONVERSION = YES;
				CLANG_WARN_OBJC_ROOT_CLASS = YES_ERROR;
				CLANG_WARN_QUOTED_INCLUDE_IN_FRAMEWORK_HEADER = YES;
				CLANG_WARN_RANGE_LOOP_ANALYSIS = YES;
				CLANG_WARN_STRICT_PROTOTYPES = YES;
				CLANG_WARN_SUSPICIOUS_MOVE = YES;
				CLANG_WARN_UNGUARDED_AVAILABILITY = YES_AGGRESSIVE;
				CLANG_WARN_UNREACHABLE_CODE = YES;
				CLANG_WARN__DUPLICATE_METHOD_MATCH = YES;
				COPY_PHASE_STRIP = NO;
				DEBUG_INFORMATION_FORMAT = "dwarf-with-dsym";
				ENABLE_NS_ASSERTIONS = NO;
				ENABLE_STRICT_OBJC_MSGSEND = YES;
				GCC_C_LANGUAGE_STANDARD = gnu11;
				GCC_NO_COMMON_BLOCKS = YES;
				GCC_WARN_64_TO_32_BIT_CONVERSION = YES;
				GCC_WARN_ABOUT_RETURN_TYPE = YES_ERROR;
				GCC_WARN_UNDECLARED_SELECTOR = YES;
				GCC_WARN_UNINITIALIZED_AUTOS = YES_AGGRESSIVE;
				GCC_WARN_UNUSED_FUNCTION = YES;
				GCC_WARN_UNUSED_VARIABLE = YES;
				IPHONEOS_DEPLOYMENT_TARGET = 16.2;
				MTL_ENABLE_DEBUG_INFO = NO;
				MTL_FAST_MATH = YES;
				SDKROOT = iphoneos;
				SWIFT_COMPILATION_MODE = wholemodule;
				SWIFT_OPTIMIZATION_LEVEL = "-O";
				VALIDATE_PRODUCT = YES;
			};
			name = Release;
		};
		D676A6F629FB0B9900A56486 /* Debug */ = {
			isa = XCBuildConfiguration;
			buildSettings = {
				ASSETCATALOG_COMPILER_APPICON_NAME = AppIcon;
				ASSETCATALOG_COMPILER_GLOBAL_ACCENT_COLOR_NAME = AccentColor;
				CODE_SIGN_STYLE = Automatic;
				CURRENT_PROJECT_VERSION = 1;
				DEVELOPMENT_ASSET_PATHS = "\"City Navigation App/Preview Content\"";
				ENABLE_PREVIEWS = YES;
				GENERATE_INFOPLIST_FILE = YES;
				INFOPLIST_FILE = "City-Navigation-App-Info.plist";
				INFOPLIST_KEY_NSLocationWhenInUseUsageDescription = "Grant permission to find restaurants and sights near you ";
				INFOPLIST_KEY_UIApplicationSceneManifest_Generation = YES;
				INFOPLIST_KEY_UIApplicationSupportsIndirectInputEvents = YES;
				INFOPLIST_KEY_UILaunchScreen_Generation = YES;
				INFOPLIST_KEY_UISupportedInterfaceOrientations_iPad = "UIInterfaceOrientationPortrait UIInterfaceOrientationPortraitUpsideDown UIInterfaceOrientationLandscapeLeft UIInterfaceOrientationLandscapeRight";
				INFOPLIST_KEY_UISupportedInterfaceOrientations_iPhone = "UIInterfaceOrientationPortrait UIInterfaceOrientationLandscapeLeft UIInterfaceOrientationLandscapeRight";
				LD_RUNPATH_SEARCH_PATHS = (
					"$(inherited)",
					"@executable_path/Frameworks",
				);
				MARKETING_VERSION = 1.0;
				PRODUCT_BUNDLE_IDENTIFIER = "com.colstin.City-Navigation-App";
				PRODUCT_NAME = "$(TARGET_NAME)";
				SWIFT_EMIT_LOC_STRINGS = YES;
				SWIFT_VERSION = 5.0;
				TARGETED_DEVICE_FAMILY = "1,2";
			};
			name = Debug;
		};
		D676A6F729FB0B9900A56486 /* Release */ = {
			isa = XCBuildConfiguration;
			buildSettings = {
				ASSETCATALOG_COMPILER_APPICON_NAME = AppIcon;
				ASSETCATALOG_COMPILER_GLOBAL_ACCENT_COLOR_NAME = AccentColor;
				CODE_SIGN_STYLE = Automatic;
				CURRENT_PROJECT_VERSION = 1;
				DEVELOPMENT_ASSET_PATHS = "\"City Navigation App/Preview Content\"";
				ENABLE_PREVIEWS = YES;
				GENERATE_INFOPLIST_FILE = YES;
				INFOPLIST_FILE = "City-Navigation-App-Info.plist";
				INFOPLIST_KEY_NSLocationWhenInUseUsageDescription = "Grant permission to find restaurants and sights near you ";
				INFOPLIST_KEY_UIApplicationSceneManifest_Generation = YES;
				INFOPLIST_KEY_UIApplicationSupportsIndirectInputEvents = YES;
				INFOPLIST_KEY_UILaunchScreen_Generation = YES;
				INFOPLIST_KEY_UISupportedInterfaceOrientations_iPad = "UIInterfaceOrientationPortrait UIInterfaceOrientationPortraitUpsideDown UIInterfaceOrientationLandscapeLeft UIInterfaceOrientationLandscapeRight";
				INFOPLIST_KEY_UISupportedInterfaceOrientations_iPhone = "UIInterfaceOrientationPortrait UIInterfaceOrientationLandscapeLeft UIInterfaceOrientationLandscapeRight";
				LD_RUNPATH_SEARCH_PATHS = (
					"$(inherited)",
					"@executable_path/Frameworks",
				);
				MARKETING_VERSION = 1.0;
				PRODUCT_BUNDLE_IDENTIFIER = "com.colstin.City-Navigation-App";
				PRODUCT_NAME = "$(TARGET_NAME)";
				SWIFT_EMIT_LOC_STRINGS = YES;
				SWIFT_VERSION = 5.0;
				TARGETED_DEVICE_FAMILY = "1,2";
			};
			name = Release;
		};
/* End XCBuildConfiguration section */

/* Begin XCConfigurationList section */
		D676A6E229FB0B9900A56486 /* Build configuration list for PBXProject "City Navigation App" */ = {
			isa = XCConfigurationList;
			buildConfigurations = (
				D676A6F329FB0B9900A56486 /* Debug */,
				D676A6F429FB0B9900A56486 /* Release */,
			);
			defaultConfigurationIsVisible = 0;
			defaultConfigurationName = Release;
		};
		D676A6F529FB0B9900A56486 /* Build configuration list for PBXNativeTarget "City Navigation App" */ = {
			isa = XCConfigurationList;
			buildConfigurations = (
				D676A6F629FB0B9900A56486 /* Debug */,
				D676A6F729FB0B9900A56486 /* Release */,
			);
			defaultConfigurationIsVisible = 0;
			defaultConfigurationName = Release;
		};
/* End XCConfigurationList section */
	};
	rootObject = D676A6DF29FB0B9900A56486 /* Project object */;
}
